// !$*UTF8*$!
{
	archiveVersion = 1;
	classes = {
	};
	objectVersion = 50;
	objects = {

/* Begin PBXBuildFile section */
		9541B0A42396B52C0084A0C0 /* ServiceTableViewCell.swift in Sources */ = {isa = PBXBuildFile; fileRef = 9541B0A22396B52C0084A0C0 /* ServiceTableViewCell.swift */; };
		9541B0A52396B52C0084A0C0 /* ServiceTableViewCell.xib in Resources */ = {isa = PBXBuildFile; fileRef = 9541B0A32396B52C0084A0C0 /* ServiceTableViewCell.xib */; };
		9541B0A7239707920084A0C0 /* Style.swift in Sources */ = {isa = PBXBuildFile; fileRef = 9541B0A6239707920084A0C0 /* Style.swift */; };
		9541B0A9239708130084A0C0 /* CALayer.swift in Sources */ = {isa = PBXBuildFile; fileRef = 9541B0A8239708130084A0C0 /* CALayer.swift */; };
		954CAAE62397B586007A77C0 /* HospitalCell.xib in Resources */ = {isa = PBXBuildFile; fileRef = 954CAAE52397B586007A77C0 /* HospitalCell.xib */; };
		954CAAE82397B597007A77C0 /* HospitalCell.swift in Sources */ = {isa = PBXBuildFile; fileRef = 954CAAE72397B597007A77C0 /* HospitalCell.swift */; };
		95E7738723970B1D00F05169 /* UIColor.swift in Sources */ = {isa = PBXBuildFile; fileRef = 95E7738623970B1D00F05169 /* UIColor.swift */; };
		95E7738923970BBE00F05169 /* ServiceTypeModel.swift in Sources */ = {isa = PBXBuildFile; fileRef = 95E7738823970BBE00F05169 /* ServiceTypeModel.swift */; };
		95E7738B2397123300F05169 /* ServiceCell.swift in Sources */ = {isa = PBXBuildFile; fileRef = 95E7738A2397123300F05169 /* ServiceCell.swift */; };
		95E7738D2397124F00F05169 /* ServiceCell.xib in Resources */ = {isa = PBXBuildFile; fileRef = 95E7738C2397124F00F05169 /* ServiceCell.xib */; };
		C659F9132396B44F009DE50B /* AppCoordinator.swift in Sources */ = {isa = PBXBuildFile; fileRef = C659F9122396B44F009DE50B /* AppCoordinator.swift */; };
		C659F9162396B4EC009DE50B /* ServiceHolder.swift in Sources */ = {isa = PBXBuildFile; fileRef = C659F9152396B4EC009DE50B /* ServiceHolder.swift */; };
		C659F92A2396B533009DE50B /* Date.swift in Sources */ = {isa = PBXBuildFile; fileRef = C659F91A2396B533009DE50B /* Date.swift */; };
		C659F92D2396B533009DE50B /* UICollectionView.swift in Sources */ = {isa = PBXBuildFile; fileRef = C659F91E2396B533009DE50B /* UICollectionView.swift */; };
		C659F92E2396B533009DE50B /* UITableView.swift in Sources */ = {isa = PBXBuildFile; fileRef = C659F91F2396B533009DE50B /* UITableView.swift */; };
		C659F92F2396B533009DE50B /* UITableViewCell.swift in Sources */ = {isa = PBXBuildFile; fileRef = C659F9202396B533009DE50B /* UITableViewCell.swift */; };
		C659F9312396B533009DE50B /* UIViewController.swift in Sources */ = {isa = PBXBuildFile; fileRef = C659F9222396B533009DE50B /* UIViewController.swift */; };
		C659F9322396B533009DE50B /* UIImageView.swift in Sources */ = {isa = PBXBuildFile; fileRef = C659F9232396B533009DE50B /* UIImageView.swift */; };
		C659F9342396B533009DE50B /* UICollectionViewCell.swift in Sources */ = {isa = PBXBuildFile; fileRef = C659F9252396B533009DE50B /* UICollectionViewCell.swift */; };
		C659F9352396B533009DE50B /* UIStoryboard.swift in Sources */ = {isa = PBXBuildFile; fileRef = C659F9262396B533009DE50B /* UIStoryboard.swift */; };
		C659F9372396B533009DE50B /* NSObject.swift in Sources */ = {isa = PBXBuildFile; fileRef = C659F9282396B533009DE50B /* NSObject.swift */; };
		C659F93A2396B57C009DE50B /* MainCoordinator.swift in Sources */ = {isa = PBXBuildFile; fileRef = C659F9392396B57C009DE50B /* MainCoordinator.swift */; };
		C659F93C2396B5A2009DE50B /* MainViewModel.swift in Sources */ = {isa = PBXBuildFile; fileRef = C659F93B2396B5A2009DE50B /* MainViewModel.swift */; };
		C659F93D2396F6F7009DE50B /* MainViewController.swift in Sources */ = {isa = PBXBuildFile; fileRef = EF6C7AE22395450F00AA51BC /* MainViewController.swift */; };
		C659F9412396F98D009DE50B /* SFProRoundedHeavy.ttf in Resources */ = {isa = PBXBuildFile; fileRef = C659F9402396F8C9009DE50B /* SFProRoundedHeavy.ttf */; };
		C659F9432396FAFE009DE50B /* SFProRoundedRegular.ttf in Resources */ = {isa = PBXBuildFile; fileRef = C659F9422396FAF8009DE50B /* SFProRoundedRegular.ttf */; };
		E1E9F8345ABA826B38B7F327 /* Pods_KropHackathon.framework in Frameworks */ = {isa = PBXBuildFile; fileRef = E6EA3ABF16065DF238874777 /* Pods_KropHackathon.framework */; };
		EF6C7ADF2395450F00AA51BC /* AppDelegate.swift in Sources */ = {isa = PBXBuildFile; fileRef = EF6C7ADE2395450F00AA51BC /* AppDelegate.swift */; };
		EF6C7AE62395450F00AA51BC /* Main.storyboard in Resources */ = {isa = PBXBuildFile; fileRef = EF6C7AE42395450F00AA51BC /* Main.storyboard */; };
		EF6C7AE82395451000AA51BC /* Assets.xcassets in Resources */ = {isa = PBXBuildFile; fileRef = EF6C7AE72395451000AA51BC /* Assets.xcassets */; };
		EF6C7AEB2395451000AA51BC /* LaunchScreen.storyboard in Resources */ = {isa = PBXBuildFile; fileRef = EF6C7AE92395451000AA51BC /* LaunchScreen.storyboard */; };
/* End PBXBuildFile section */

/* Begin PBXFileReference section */
		6C96965C529B59196D073CA5 /* Pods-KropHackathon.debug.xcconfig */ = {isa = PBXFileReference; includeInIndex = 1; lastKnownFileType = text.xcconfig; name = "Pods-KropHackathon.debug.xcconfig"; path = "Target Support Files/Pods-KropHackathon/Pods-KropHackathon.debug.xcconfig"; sourceTree = "<group>"; };
		72C9A0A53B930FB5B67DD84F /* Pods-KropHackathon.release.xcconfig */ = {isa = PBXFileReference; includeInIndex = 1; lastKnownFileType = text.xcconfig; name = "Pods-KropHackathon.release.xcconfig"; path = "Target Support Files/Pods-KropHackathon/Pods-KropHackathon.release.xcconfig"; sourceTree = "<group>"; };
		9541B0A22396B52C0084A0C0 /* ServiceTableViewCell.swift */ = {isa = PBXFileReference; lastKnownFileType = sourcecode.swift; path = ServiceTableViewCell.swift; sourceTree = "<group>"; };
		9541B0A32396B52C0084A0C0 /* ServiceTableViewCell.xib */ = {isa = PBXFileReference; lastKnownFileType = file.xib; path = ServiceTableViewCell.xib; sourceTree = "<group>"; };
		9541B0A6239707920084A0C0 /* Style.swift */ = {isa = PBXFileReference; lastKnownFileType = sourcecode.swift; path = Style.swift; sourceTree = "<group>"; };
		9541B0A8239708130084A0C0 /* CALayer.swift */ = {isa = PBXFileReference; lastKnownFileType = sourcecode.swift; path = CALayer.swift; sourceTree = "<group>"; };
		954CAAE52397B586007A77C0 /* HospitalCell.xib */ = {isa = PBXFileReference; lastKnownFileType = file.xib; path = HospitalCell.xib; sourceTree = "<group>"; };
		954CAAE72397B597007A77C0 /* HospitalCell.swift */ = {isa = PBXFileReference; lastKnownFileType = sourcecode.swift; path = HospitalCell.swift; sourceTree = "<group>"; };
		95E7738623970B1D00F05169 /* UIColor.swift */ = {isa = PBXFileReference; lastKnownFileType = sourcecode.swift; path = UIColor.swift; sourceTree = "<group>"; };
		95E7738823970BBE00F05169 /* ServiceTypeModel.swift */ = {isa = PBXFileReference; lastKnownFileType = sourcecode.swift; path = ServiceTypeModel.swift; sourceTree = "<group>"; };
		95E7738A2397123300F05169 /* ServiceCell.swift */ = {isa = PBXFileReference; lastKnownFileType = sourcecode.swift; path = ServiceCell.swift; sourceTree = "<group>"; };
		95E7738C2397124F00F05169 /* ServiceCell.xib */ = {isa = PBXFileReference; lastKnownFileType = file.xib; path = ServiceCell.xib; sourceTree = "<group>"; };
		C659F9122396B44F009DE50B /* AppCoordinator.swift */ = {isa = PBXFileReference; lastKnownFileType = sourcecode.swift; path = AppCoordinator.swift; sourceTree = "<group>"; };
		C659F9152396B4EC009DE50B /* ServiceHolder.swift */ = {isa = PBXFileReference; lastKnownFileType = sourcecode.swift; path = ServiceHolder.swift; sourceTree = "<group>"; };
		C659F91A2396B533009DE50B /* Date.swift */ = {isa = PBXFileReference; fileEncoding = 4; lastKnownFileType = sourcecode.swift; path = Date.swift; sourceTree = "<group>"; };
		C659F91E2396B533009DE50B /* UICollectionView.swift */ = {isa = PBXFileReference; fileEncoding = 4; lastKnownFileType = sourcecode.swift; path = UICollectionView.swift; sourceTree = "<group>"; };
		C659F91F2396B533009DE50B /* UITableView.swift */ = {isa = PBXFileReference; fileEncoding = 4; lastKnownFileType = sourcecode.swift; path = UITableView.swift; sourceTree = "<group>"; };
		C659F9202396B533009DE50B /* UITableViewCell.swift */ = {isa = PBXFileReference; fileEncoding = 4; lastKnownFileType = sourcecode.swift; path = UITableViewCell.swift; sourceTree = "<group>"; };
		C659F9222396B533009DE50B /* UIViewController.swift */ = {isa = PBXFileReference; fileEncoding = 4; lastKnownFileType = sourcecode.swift; path = UIViewController.swift; sourceTree = "<group>"; };
		C659F9232396B533009DE50B /* UIImageView.swift */ = {isa = PBXFileReference; fileEncoding = 4; lastKnownFileType = sourcecode.swift; path = UIImageView.swift; sourceTree = "<group>"; };
		C659F9252396B533009DE50B /* UICollectionViewCell.swift */ = {isa = PBXFileReference; fileEncoding = 4; lastKnownFileType = sourcecode.swift; path = UICollectionViewCell.swift; sourceTree = "<group>"; };
		C659F9262396B533009DE50B /* UIStoryboard.swift */ = {isa = PBXFileReference; fileEncoding = 4; lastKnownFileType = sourcecode.swift; path = UIStoryboard.swift; sourceTree = "<group>"; };
		C659F9282396B533009DE50B /* NSObject.swift */ = {isa = PBXFileReference; fileEncoding = 4; lastKnownFileType = sourcecode.swift; path = NSObject.swift; sourceTree = "<group>"; };
		C659F9392396B57C009DE50B /* MainCoordinator.swift */ = {isa = PBXFileReference; lastKnownFileType = sourcecode.swift; path = MainCoordinator.swift; sourceTree = "<group>"; };
		C659F93B2396B5A2009DE50B /* MainViewModel.swift */ = {isa = PBXFileReference; lastKnownFileType = sourcecode.swift; path = MainViewModel.swift; sourceTree = "<group>"; };
		C659F9402396F8C9009DE50B /* SFProRoundedHeavy.ttf */ = {isa = PBXFileReference; lastKnownFileType = file; path = SFProRoundedHeavy.ttf; sourceTree = "<group>"; };
		C659F9422396FAF8009DE50B /* SFProRoundedRegular.ttf */ = {isa = PBXFileReference; lastKnownFileType = file; path = SFProRoundedRegular.ttf; sourceTree = "<group>"; };
		C659F9442396FC2D009DE50B /* SFProRoundedBold.ttf */ = {isa = PBXFileReference; lastKnownFileType = file; path = SFProRoundedBold.ttf; sourceTree = "<group>"; };
		C659F9462396FCFC009DE50B /* SFProRoundedSemibold.ttf */ = {isa = PBXFileReference; lastKnownFileType = file; path = SFProRoundedSemibold.ttf; sourceTree = "<group>"; };
		E6EA3ABF16065DF238874777 /* Pods_KropHackathon.framework */ = {isa = PBXFileReference; explicitFileType = wrapper.framework; includeInIndex = 0; path = Pods_KropHackathon.framework; sourceTree = BUILT_PRODUCTS_DIR; };
		EF6C7ADB2395450F00AA51BC /* KropHackathon.app */ = {isa = PBXFileReference; explicitFileType = wrapper.application; includeInIndex = 0; path = KropHackathon.app; sourceTree = BUILT_PRODUCTS_DIR; };
		EF6C7ADE2395450F00AA51BC /* AppDelegate.swift */ = {isa = PBXFileReference; lastKnownFileType = sourcecode.swift; path = AppDelegate.swift; sourceTree = "<group>"; };
		EF6C7AE22395450F00AA51BC /* MainViewController.swift */ = {isa = PBXFileReference; lastKnownFileType = sourcecode.swift; path = MainViewController.swift; sourceTree = "<group>"; };
		EF6C7AE52395450F00AA51BC /* Base */ = {isa = PBXFileReference; lastKnownFileType = file.storyboard; name = Base; path = Base.lproj/Main.storyboard; sourceTree = "<group>"; };
		EF6C7AE72395451000AA51BC /* Assets.xcassets */ = {isa = PBXFileReference; lastKnownFileType = folder.assetcatalog; path = Assets.xcassets; sourceTree = "<group>"; };
		EF6C7AEA2395451000AA51BC /* Base */ = {isa = PBXFileReference; lastKnownFileType = file.storyboard; name = Base; path = Base.lproj/LaunchScreen.storyboard; sourceTree = "<group>"; };
		EF6C7AEC2395451000AA51BC /* Info.plist */ = {isa = PBXFileReference; lastKnownFileType = text.plist.xml; path = Info.plist; sourceTree = "<group>"; };
/* End PBXFileReference section */

/* Begin PBXFrameworksBuildPhase section */
		EF6C7AD82395450F00AA51BC /* Frameworks */ = {
			isa = PBXFrameworksBuildPhase;
			buildActionMask = 2147483647;
			files = (
				E1E9F8345ABA826B38B7F327 /* Pods_KropHackathon.framework in Frameworks */,
			);
			runOnlyForDeploymentPostprocessing = 0;
		};
/* End PBXFrameworksBuildPhase section */

/* Begin PBXGroup section */
		1B72B8FB5FD42C11DC6BF0B9 /* Frameworks */ = {
			isa = PBXGroup;
			children = (
				E6EA3ABF16065DF238874777 /* Pods_KropHackathon.framework */,
			);
			name = Frameworks;
			sourceTree = "<group>";
		};
		9541B09A2396AE060084A0C0 /* Views */ = {
			isa = PBXGroup;
			children = (
				9541B09B2396AE670084A0C0 /* Cells */,
			);
			path = Views;
			sourceTree = "<group>";
		};
		9541B09B2396AE670084A0C0 /* Cells */ = {
			isa = PBXGroup;
			children = (
				954CAAE42397B569007A77C0 /* Hospital */,
				9541B0A12396B4F10084A0C0 /* Service */,
				9541B0A02396B4820084A0C0 /* ServiceType */,
			);
			path = Cells;
			sourceTree = "<group>";
		};
		9541B0A02396B4820084A0C0 /* ServiceType */ = {
			isa = PBXGroup;
			children = (
				95E7738A2397123300F05169 /* ServiceCell.swift */,
				95E7738C2397124F00F05169 /* ServiceCell.xib */,
				95E7738823970BBE00F05169 /* ServiceTypeModel.swift */,
			);
			path = ServiceType;
			sourceTree = "<group>";
		};
		9541B0A12396B4F10084A0C0 /* Service */ = {
			isa = PBXGroup;
			children = (
				9541B0A22396B52C0084A0C0 /* ServiceTableViewCell.swift */,
				9541B0A32396B52C0084A0C0 /* ServiceTableViewCell.xib */,
			);
			path = Service;
			sourceTree = "<group>";
		};
		954CAAE42397B569007A77C0 /* Hospital */ = {
			isa = PBXGroup;
			children = (
				954CAAE52397B586007A77C0 /* HospitalCell.xib */,
				954CAAE72397B597007A77C0 /* HospitalCell.swift */,
			);
			path = Hospital;
			sourceTree = "<group>";
		};
		C659F9112396B3F4009DE50B /* Services */ = {
			isa = PBXGroup;
			children = (
				C659F9152396B4EC009DE50B /* ServiceHolder.swift */,
			);
			path = Services;
			sourceTree = "<group>";
		};
		C659F9142396B4C0009DE50B /* Controllers */ = {
			isa = PBXGroup;
			children = (
				EF6C7AE22395450F00AA51BC /* MainViewController.swift */,
				C659F9392396B57C009DE50B /* MainCoordinator.swift */,
				C659F93B2396B5A2009DE50B /* MainViewModel.swift */,
			);
			path = Controllers;
			sourceTree = "<group>";
		};
		C659F9192396B533009DE50B /* Extensions */ = {
			isa = PBXGroup;
			children = (
				C659F91B2396B533009DE50B /* UI */,
				9541B0A6239707920084A0C0 /* Style.swift */,
				C659F91A2396B533009DE50B /* Date.swift */,
				C659F9282396B533009DE50B /* NSObject.swift */,
			);
			path = Extensions;
			sourceTree = "<group>";
		};
		C659F91B2396B533009DE50B /* UI */ = {
			isa = PBXGroup;
			children = (
				9541B0A8239708130084A0C0 /* CALayer.swift */,
				C659F91E2396B533009DE50B /* UICollectionView.swift */,
				C659F91F2396B533009DE50B /* UITableView.swift */,
				C659F9202396B533009DE50B /* UITableViewCell.swift */,
				95E7738623970B1D00F05169 /* UIColor.swift */,
				C659F9222396B533009DE50B /* UIViewController.swift */,
				C659F9232396B533009DE50B /* UIImageView.swift */,
				C659F9252396B533009DE50B /* UICollectionViewCell.swift */,
				C659F9262396B533009DE50B /* UIStoryboard.swift */,
			);
			path = UI;
			sourceTree = "<group>";
		};
		C659F93E2396F8A0009DE50B /* Resources */ = {
			isa = PBXGroup;
			children = (
				C659F93F2396F8B0009DE50B /* Fonts */,
			);
			path = Resources;
			sourceTree = "<group>";
		};
		C659F93F2396F8B0009DE50B /* Fonts */ = {
			isa = PBXGroup;
			children = (
				C659F9422396FAF8009DE50B /* SFProRoundedRegular.ttf */,
				C659F9442396FC2D009DE50B /* SFProRoundedBold.ttf */,
				C659F9462396FCFC009DE50B /* SFProRoundedSemibold.ttf */,
				C659F9402396F8C9009DE50B /* SFProRoundedHeavy.ttf */,
			);
			path = Fonts;
			sourceTree = "<group>";
		};
		EF6C7AD22395450F00AA51BC = {
			isa = PBXGroup;
			children = (
				EF6C7ADD2395450F00AA51BC /* KropHackathon */,
				EF6C7ADC2395450F00AA51BC /* Products */,
				F47DF6EEE259A22B3F793F70 /* Pods */,
				1B72B8FB5FD42C11DC6BF0B9 /* Frameworks */,
			);
			sourceTree = "<group>";
		};
		EF6C7ADC2395450F00AA51BC /* Products */ = {
			isa = PBXGroup;
			children = (
				EF6C7ADB2395450F00AA51BC /* KropHackathon.app */,
			);
			name = Products;
			sourceTree = "<group>";
		};
		EF6C7ADD2395450F00AA51BC /* KropHackathon */ = {
			isa = PBXGroup;
			children = (
				9541B09A2396AE060084A0C0 /* Views */,
				EF6C7ADE2395450F00AA51BC /* AppDelegate.swift */,
				C659F9122396B44F009DE50B /* AppCoordinator.swift */,
				C659F9192396B533009DE50B /* Extensions */,
				C659F9112396B3F4009DE50B /* Services */,
				C659F9142396B4C0009DE50B /* Controllers */,
				C659F93E2396F8A0009DE50B /* Resources */,
				EF6C7AE42395450F00AA51BC /* Main.storyboard */,
				EF6C7AE72395451000AA51BC /* Assets.xcassets */,
				EF6C7AE92395451000AA51BC /* LaunchScreen.storyboard */,
				EF6C7AEC2395451000AA51BC /* Info.plist */,
			);
			path = KropHackathon;
			sourceTree = "<group>";
		};
		F47DF6EEE259A22B3F793F70 /* Pods */ = {
			isa = PBXGroup;
			children = (
				6C96965C529B59196D073CA5 /* Pods-KropHackathon.debug.xcconfig */,
				72C9A0A53B930FB5B67DD84F /* Pods-KropHackathon.release.xcconfig */,
			);
			path = Pods;
			sourceTree = "<group>";
		};
/* End PBXGroup section */

/* Begin PBXNativeTarget section */
		EF6C7ADA2395450F00AA51BC /* KropHackathon */ = {
			isa = PBXNativeTarget;
			buildConfigurationList = EF6C7AEF2395451000AA51BC /* Build configuration list for PBXNativeTarget "KropHackathon" */;
			buildPhases = (
				AE1D413828E17931FAAAEC66 /* [CP] Check Pods Manifest.lock */,
				EF6C7AD72395450F00AA51BC /* Sources */,
				EF6C7AD82395450F00AA51BC /* Frameworks */,
				EF6C7AD92395450F00AA51BC /* Resources */,
				EF6C7AF623954BCA00AA51BC /* ShellScript */,
			);
			buildRules = (
			);
			dependencies = (
			);
			name = KropHackathon;
			productName = KropHackathon;
			productReference = EF6C7ADB2395450F00AA51BC /* KropHackathon.app */;
			productType = "com.apple.product-type.application";
		};
/* End PBXNativeTarget section */

/* Begin PBXProject section */
		EF6C7AD32395450F00AA51BC /* Project object */ = {
			isa = PBXProject;
			attributes = {
				LastSwiftUpdateCheck = 1110;
				LastUpgradeCheck = 1110;
				ORGANIZATIONNAME = onix;
				TargetAttributes = {
					EF6C7ADA2395450F00AA51BC = {
						CreatedOnToolsVersion = 11.1;
					};
				};
			};
			buildConfigurationList = EF6C7AD62395450F00AA51BC /* Build configuration list for PBXProject "KropHackathon" */;
			compatibilityVersion = "Xcode 9.3";
			developmentRegion = en;
			hasScannedForEncodings = 0;
			knownRegions = (
				en,
				Base,
			);
			mainGroup = EF6C7AD22395450F00AA51BC;
			productRefGroup = EF6C7ADC2395450F00AA51BC /* Products */;
			projectDirPath = "";
			projectRoot = "";
			targets = (
				EF6C7ADA2395450F00AA51BC /* KropHackathon */,
			);
		};
/* End PBXProject section */

/* Begin PBXResourcesBuildPhase section */
		EF6C7AD92395450F00AA51BC /* Resources */ = {
			isa = PBXResourcesBuildPhase;
			buildActionMask = 2147483647;
			files = (
				9541B0A52396B52C0084A0C0 /* ServiceTableViewCell.xib in Resources */,
				95E7738D2397124F00F05169 /* ServiceCell.xib in Resources */,
				C659F9432396FAFE009DE50B /* SFProRoundedRegular.ttf in Resources */,
				EF6C7AEB2395451000AA51BC /* LaunchScreen.storyboard in Resources */,
				C659F9412396F98D009DE50B /* SFProRoundedHeavy.ttf in Resources */,
				954CAAE62397B586007A77C0 /* HospitalCell.xib in Resources */,
				EF6C7AE82395451000AA51BC /* Assets.xcassets in Resources */,
				EF6C7AE62395450F00AA51BC /* Main.storyboard in Resources */,
			);
			runOnlyForDeploymentPostprocessing = 0;
		};
/* End PBXResourcesBuildPhase section */

/* Begin PBXShellScriptBuildPhase section */
		AE1D413828E17931FAAAEC66 /* [CP] Check Pods Manifest.lock */ = {
			isa = PBXShellScriptBuildPhase;
			buildActionMask = 2147483647;
			files = (
			);
			inputFileListPaths = (
			);
			inputPaths = (
				"${PODS_PODFILE_DIR_PATH}/Podfile.lock",
				"${PODS_ROOT}/Manifest.lock",
			);
			name = "[CP] Check Pods Manifest.lock";
			outputFileListPaths = (
			);
			outputPaths = (
				"$(DERIVED_FILE_DIR)/Pods-KropHackathon-checkManifestLockResult.txt",
			);
			runOnlyForDeploymentPostprocessing = 0;
			shellPath = /bin/sh;
			shellScript = "diff \"${PODS_PODFILE_DIR_PATH}/Podfile.lock\" \"${PODS_ROOT}/Manifest.lock\" > /dev/null\nif [ $? != 0 ] ; then\n    # print error to STDERR\n    echo \"error: The sandbox is not in sync with the Podfile.lock. Run 'pod install' or update your CocoaPods installation.\" >&2\n    exit 1\nfi\n# This output is used by Xcode 'outputs' to avoid re-running this script phase.\necho \"SUCCESS\" > \"${SCRIPT_OUTPUT_FILE_0}\"\n";
			showEnvVarsInLog = 0;
		};
		EF6C7AF623954BCA00AA51BC /* ShellScript */ = {
			isa = PBXShellScriptBuildPhase;
			buildActionMask = 12;
			files = (
			);
			inputFileListPaths = (
			);
			inputPaths = (
			);
			outputFileListPaths = (
			);
			outputPaths = (
			);
			runOnlyForDeploymentPostprocessing = 0;
			shellPath = /bin/sh;
			shellScript = "if which swiftlint >/dev/null; then\n  swiftlint\nelse\n  echo \"error: SwiftLint does not exist, download it from https://github.com/realm/SwiftLint\"\n  exit 1\nfi\n";
		};
/* End PBXShellScriptBuildPhase section */

/* Begin PBXSourcesBuildPhase section */
		EF6C7AD72395450F00AA51BC /* Sources */ = {
			isa = PBXSourcesBuildPhase;
			buildActionMask = 2147483647;
			files = (
				9541B0A42396B52C0084A0C0 /* ServiceTableViewCell.swift in Sources */,
				9541B0A9239708130084A0C0 /* CALayer.swift in Sources */,
				C659F9132396B44F009DE50B /* AppCoordinator.swift in Sources */,
				954CAAE82397B597007A77C0 /* HospitalCell.swift in Sources */,
				C659F9342396B533009DE50B /* UICollectionViewCell.swift in Sources */,
				C659F9372396B533009DE50B /* NSObject.swift in Sources */,
				C659F9312396B533009DE50B /* UIViewController.swift in Sources */,
				C659F9352396B533009DE50B /* UIStoryboard.swift in Sources */,
				C659F9322396B533009DE50B /* UIImageView.swift in Sources */,
				95E7738923970BBE00F05169 /* ServiceTypeModel.swift in Sources */,
				95E7738723970B1D00F05169 /* UIColor.swift in Sources */,
				C659F92A2396B533009DE50B /* Date.swift in Sources */,
				C659F9162396B4EC009DE50B /* ServiceHolder.swift in Sources */,
				C659F92F2396B533009DE50B /* UITableViewCell.swift in Sources */,
				C659F93D2396F6F7009DE50B /* MainViewController.swift in Sources */,
				C659F92E2396B533009DE50B /* UITableView.swift in Sources */,
				C659F93A2396B57C009DE50B /* MainCoordinator.swift in Sources */,
				95E7738B2397123300F05169 /* ServiceCell.swift in Sources */,
				C659F93C2396B5A2009DE50B /* MainViewModel.swift in Sources */,
				C659F92D2396B533009DE50B /* UICollectionView.swift in Sources */,
				EF6C7ADF2395450F00AA51BC /* AppDelegate.swift in Sources */,
				9541B0A7239707920084A0C0 /* Style.swift in Sources */,
			);
			runOnlyForDeploymentPostprocessing = 0;
		};
/* End PBXSourcesBuildPhase section */

/* Begin PBXVariantGroup section */
		EF6C7AE42395450F00AA51BC /* Main.storyboard */ = {
			isa = PBXVariantGroup;
			children = (
				EF6C7AE52395450F00AA51BC /* Base */,
			);
			name = Main.storyboard;
			sourceTree = "<group>";
		};
		EF6C7AE92395451000AA51BC /* LaunchScreen.storyboard */ = {
			isa = PBXVariantGroup;
			children = (
				EF6C7AEA2395451000AA51BC /* Base */,
			);
			name = LaunchScreen.storyboard;
			sourceTree = "<group>";
		};
/* End PBXVariantGroup section */

/* Begin XCBuildConfiguration section */
		EF6C7AED2395451000AA51BC /* Debug */ = {
			isa = XCBuildConfiguration;
			buildSettings = {
				ALWAYS_SEARCH_USER_PATHS = NO;
				CLANG_ANALYZER_NONNULL = YES;
				CLANG_ANALYZER_NUMBER_OBJECT_CONVERSION = YES_AGGRESSIVE;
				CLANG_CXX_LANGUAGE_STANDARD = "gnu++14";
				CLANG_CXX_LIBRARY = "libc++";
				CLANG_ENABLE_MODULES = YES;
				CLANG_ENABLE_OBJC_ARC = YES;
				CLANG_ENABLE_OBJC_WEAK = YES;
				CLANG_WARN_BLOCK_CAPTURE_AUTORELEASING = YES;
				CLANG_WARN_BOOL_CONVERSION = YES;
				CLANG_WARN_COMMA = YES;
				CLANG_WARN_CONSTANT_CONVERSION = YES;
				CLANG_WARN_DEPRECATED_OBJC_IMPLEMENTATIONS = YES;
				CLANG_WARN_DIRECT_OBJC_ISA_USAGE = YES_ERROR;
				CLANG_WARN_DOCUMENTATION_COMMENTS = YES;
				CLANG_WARN_EMPTY_BODY = YES;
				CLANG_WARN_ENUM_CONVERSION = YES;
				CLANG_WARN_INFINITE_RECURSION = YES;
				CLANG_WARN_INT_CONVERSION = YES;
				CLANG_WARN_NON_LITERAL_NULL_CONVERSION = YES;
				CLANG_WARN_OBJC_IMPLICIT_RETAIN_SELF = YES;
				CLANG_WARN_OBJC_LITERAL_CONVERSION = YES;
				CLANG_WARN_OBJC_ROOT_CLASS = YES_ERROR;
				CLANG_WARN_RANGE_LOOP_ANALYSIS = YES;
				CLANG_WARN_STRICT_PROTOTYPES = YES;
				CLANG_WARN_SUSPICIOUS_MOVE = YES;
				CLANG_WARN_UNGUARDED_AVAILABILITY = YES_AGGRESSIVE;
				CLANG_WARN_UNREACHABLE_CODE = YES;
				CLANG_WARN__DUPLICATE_METHOD_MATCH = YES;
				COPY_PHASE_STRIP = NO;
				DEBUG_INFORMATION_FORMAT = dwarf;
				ENABLE_STRICT_OBJC_MSGSEND = YES;
				ENABLE_TESTABILITY = YES;
				GCC_C_LANGUAGE_STANDARD = gnu11;
				GCC_DYNAMIC_NO_PIC = NO;
				GCC_NO_COMMON_BLOCKS = YES;
				GCC_OPTIMIZATION_LEVEL = 0;
				GCC_PREPROCESSOR_DEFINITIONS = (
					"DEBUG=1",
					"$(inherited)",
				);
				GCC_WARN_64_TO_32_BIT_CONVERSION = YES;
				GCC_WARN_ABOUT_RETURN_TYPE = YES_ERROR;
				GCC_WARN_UNDECLARED_SELECTOR = YES;
				GCC_WARN_UNINITIALIZED_AUTOS = YES_AGGRESSIVE;
				GCC_WARN_UNUSED_FUNCTION = YES;
				GCC_WARN_UNUSED_VARIABLE = YES;
				IPHONEOS_DEPLOYMENT_TARGET = 13.0;
				MTL_ENABLE_DEBUG_INFO = INCLUDE_SOURCE;
				MTL_FAST_MATH = YES;
				ONLY_ACTIVE_ARCH = YES;
				SDKROOT = iphoneos;
				SWIFT_ACTIVE_COMPILATION_CONDITIONS = DEBUG;
				SWIFT_OPTIMIZATION_LEVEL = "-Onone";
			};
			name = Debug;
		};
		EF6C7AEE2395451000AA51BC /* Release */ = {
			isa = XCBuildConfiguration;
			buildSettings = {
				ALWAYS_SEARCH_USER_PATHS = NO;
				CLANG_ANALYZER_NONNULL = YES;
				CLANG_ANALYZER_NUMBER_OBJECT_CONVERSION = YES_AGGRESSIVE;
				CLANG_CXX_LANGUAGE_STANDARD = "gnu++14";
				CLANG_CXX_LIBRARY = "libc++";
				CLANG_ENABLE_MODULES = YES;
				CLANG_ENABLE_OBJC_ARC = YES;
				CLANG_ENABLE_OBJC_WEAK = YES;
				CLANG_WARN_BLOCK_CAPTURE_AUTORELEASING = YES;
				CLANG_WARN_BOOL_CONVERSION = YES;
				CLANG_WARN_COMMA = YES;
				CLANG_WARN_CONSTANT_CONVERSION = YES;
				CLANG_WARN_DEPRECATED_OBJC_IMPLEMENTATIONS = YES;
				CLANG_WARN_DIRECT_OBJC_ISA_USAGE = YES_ERROR;
				CLANG_WARN_DOCUMENTATION_COMMENTS = YES;
				CLANG_WARN_EMPTY_BODY = YES;
				CLANG_WARN_ENUM_CONVERSION = YES;
				CLANG_WARN_INFINITE_RECURSION = YES;
				CLANG_WARN_INT_CONVERSION = YES;
				CLANG_WARN_NON_LITERAL_NULL_CONVERSION = YES;
				CLANG_WARN_OBJC_IMPLICIT_RETAIN_SELF = YES;
				CLANG_WARN_OBJC_LITERAL_CONVERSION = YES;
				CLANG_WARN_OBJC_ROOT_CLASS = YES_ERROR;
				CLANG_WARN_RANGE_LOOP_ANALYSIS = YES;
				CLANG_WARN_STRICT_PROTOTYPES = YES;
				CLANG_WARN_SUSPICIOUS_MOVE = YES;
				CLANG_WARN_UNGUARDED_AVAILABILITY = YES_AGGRESSIVE;
				CLANG_WARN_UNREACHABLE_CODE = YES;
				CLANG_WARN__DUPLICATE_METHOD_MATCH = YES;
				COPY_PHASE_STRIP = NO;
				DEBUG_INFORMATION_FORMAT = "dwarf-with-dsym";
				ENABLE_NS_ASSERTIONS = NO;
				ENABLE_STRICT_OBJC_MSGSEND = YES;
				GCC_C_LANGUAGE_STANDARD = gnu11;
				GCC_NO_COMMON_BLOCKS = YES;
				GCC_WARN_64_TO_32_BIT_CONVERSION = YES;
				GCC_WARN_ABOUT_RETURN_TYPE = YES_ERROR;
				GCC_WARN_UNDECLARED_SELECTOR = YES;
				GCC_WARN_UNINITIALIZED_AUTOS = YES_AGGRESSIVE;
				GCC_WARN_UNUSED_FUNCTION = YES;
				GCC_WARN_UNUSED_VARIABLE = YES;
				IPHONEOS_DEPLOYMENT_TARGET = 13.0;
				MTL_ENABLE_DEBUG_INFO = NO;
				MTL_FAST_MATH = YES;
				SDKROOT = iphoneos;
				SWIFT_COMPILATION_MODE = wholemodule;
				SWIFT_OPTIMIZATION_LEVEL = "-O";
				VALIDATE_PRODUCT = YES;
			};
			name = Release;
		};
		EF6C7AF02395451000AA51BC /* Debug */ = {
			isa = XCBuildConfiguration;
			baseConfigurationReference = 6C96965C529B59196D073CA5 /* Pods-KropHackathon.debug.xcconfig */;
			buildSettings = {
				ASSETCATALOG_COMPILER_APPICON_NAME = AppIcon;
				CODE_SIGN_STYLE = Automatic;
				DEVELOPMENT_TEAM = GJX986XEH7;
				INFOPLIST_FILE = KropHackathon/Info.plist;
				IPHONEOS_DEPLOYMENT_TARGET = 11.0;
				LD_RUNPATH_SEARCH_PATHS = (
					"$(inherited)",
					"@executable_path/Frameworks",
				);
				PRODUCT_BUNDLE_IDENTIFIER = onix.KropHackathon;
				PRODUCT_NAME = "$(TARGET_NAME)";
				SWIFT_VERSION = 5.0;
				TARGETED_DEVICE_FAMILY = 1;
			};
			name = Debug;
		};
		EF6C7AF12395451000AA51BC /* Release */ = {
			isa = XCBuildConfiguration;
			baseConfigurationReference = 72C9A0A53B930FB5B67DD84F /* Pods-KropHackathon.release.xcconfig */;
			buildSettings = {
				ASSETCATALOG_COMPILER_APPICON_NAME = AppIcon;
				CODE_SIGN_STYLE = Automatic;
				DEVELOPMENT_TEAM = GJX986XEH7;
				INFOPLIST_FILE = KropHackathon/Info.plist;
				IPHONEOS_DEPLOYMENT_TARGET = 11.0;
				LD_RUNPATH_SEARCH_PATHS = (
					"$(inherited)",
					"@executable_path/Frameworks",
				);
				PRODUCT_BUNDLE_IDENTIFIER = onix.KropHackathon;
				PRODUCT_NAME = "$(TARGET_NAME)";
				SWIFT_VERSION = 5.0;
				TARGETED_DEVICE_FAMILY = 1;
			};
			name = Release;
		};
/* End XCBuildConfiguration section */

/* Begin XCConfigurationList section */
		EF6C7AD62395450F00AA51BC /* Build configuration list for PBXProject "KropHackathon" */ = {
			isa = XCConfigurationList;
			buildConfigurations = (
				EF6C7AED2395451000AA51BC /* Debug */,
				EF6C7AEE2395451000AA51BC /* Release */,
			);
			defaultConfigurationIsVisible = 0;
			defaultConfigurationName = Release;
		};
		EF6C7AEF2395451000AA51BC /* Build configuration list for PBXNativeTarget "KropHackathon" */ = {
			isa = XCConfigurationList;
			buildConfigurations = (
				EF6C7AF02395451000AA51BC /* Debug */,
				EF6C7AF12395451000AA51BC /* Release */,
			);
			defaultConfigurationIsVisible = 0;
			defaultConfigurationName = Release;
		};
/* End XCConfigurationList section */
	};
	rootObject = EF6C7AD32395450F00AA51BC /* Project object */;
}
