// !$*UTF8*$!
{
	archiveVersion = 1;
	classes = {
	};
	objectVersion = 51;
	objects = {

/* Begin PBXBuildFile section */
		9541B0A7239707920084A0C0 /* Style.swift in Sources */ = {isa = PBXBuildFile; fileRef = 9541B0A6239707920084A0C0 /* Style.swift */; };
		9541B0A9239708130084A0C0 /* CALayer.swift in Sources */ = {isa = PBXBuildFile; fileRef = 9541B0A8239708130084A0C0 /* CALayer.swift */; };
		9547427D239A79F600320C07 /* NetworkManager.swift in Sources */ = {isa = PBXBuildFile; fileRef = 9547427C239A79F600320C07 /* NetworkManager.swift */; };
		9547427F239A7A2000320C07 /* ParsingHelper.swift in Sources */ = {isa = PBXBuildFile; fileRef = 9547427E239A7A2000320C07 /* ParsingHelper.swift */; };
		95474283239A82B300320C07 /* NetworkService.swift in Sources */ = {isa = PBXBuildFile; fileRef = 95474282239A82B300320C07 /* NetworkService.swift */; };
		95474287239A8B7000320C07 /* ServiceTypeModel.swift in Sources */ = {isa = PBXBuildFile; fileRef = 95474286239A8B7000320C07 /* ServiceTypeModel.swift */; };
		954CAAE62397B586007A77C0 /* HospitalCell.xib in Resources */ = {isa = PBXBuildFile; fileRef = 954CAAE52397B586007A77C0 /* HospitalCell.xib */; };
		954CAAE82397B597007A77C0 /* HospitalCell.swift in Sources */ = {isa = PBXBuildFile; fileRef = 954CAAE72397B597007A77C0 /* HospitalCell.swift */; };
		954CAAEF2397EC20007A77C0 /* HospitalDetailsController.swift in Sources */ = {isa = PBXBuildFile; fileRef = 954CAAEE2397EC20007A77C0 /* HospitalDetailsController.swift */; };
		954CAAF12397EC47007A77C0 /* HospitalDetailsCoordinator.swift in Sources */ = {isa = PBXBuildFile; fileRef = 954CAAF02397EC47007A77C0 /* HospitalDetailsCoordinator.swift */; };
		954CAAF32397EC5A007A77C0 /* HospitalDetailesModel.swift in Sources */ = {isa = PBXBuildFile; fileRef = 954CAAF22397EC5A007A77C0 /* HospitalDetailesModel.swift */; };
		954CAAF52397ECE9007A77C0 /* HospitalDetails.storyboard in Resources */ = {isa = PBXBuildFile; fileRef = 954CAAF42397ECE9007A77C0 /* HospitalDetails.storyboard */; };
		954CAAFC23984740007A77C0 /* MapView.swift in Sources */ = {isa = PBXBuildFile; fileRef = 954CAAFB23984740007A77C0 /* MapView.swift */; };
		954CAAFE23984747007A77C0 /* MapView.xib in Resources */ = {isa = PBXBuildFile; fileRef = 954CAAFD23984747007A77C0 /* MapView.xib */; };
		954CAB00239847B4007A77C0 /* UIView.swift in Sources */ = {isa = PBXBuildFile; fileRef = 954CAAFF239847B4007A77C0 /* UIView.swift */; };
		954CAB0223984DE4007A77C0 /* UrlHelper.swift in Sources */ = {isa = PBXBuildFile; fileRef = 954CAB0123984DE4007A77C0 /* UrlHelper.swift */; };
		954D2FCA239BAC48009DB756 /* Hospital.swift in Sources */ = {isa = PBXBuildFile; fileRef = 954D2FC9239BAC48009DB756 /* Hospital.swift */; };
		95E7738723970B1D00F05169 /* UIColor.swift in Sources */ = {isa = PBXBuildFile; fileRef = 95E7738623970B1D00F05169 /* UIColor.swift */; };
		95E7738B2397123300F05169 /* ServiceCell.swift in Sources */ = {isa = PBXBuildFile; fileRef = 95E7738A2397123300F05169 /* ServiceCell.swift */; };
		95E7738D2397124F00F05169 /* ServiceCell.xib in Resources */ = {isa = PBXBuildFile; fileRef = 95E7738C2397124F00F05169 /* ServiceCell.xib */; };
		95EB52F423994D7A00A6BD26 /* SearchResultView.swift in Sources */ = {isa = PBXBuildFile; fileRef = 95EB52F323994D7A00A6BD26 /* SearchResultView.swift */; };
		95EB52F623994D8F00A6BD26 /* SearchResultView.xib in Resources */ = {isa = PBXBuildFile; fileRef = 95EB52F523994D8F00A6BD26 /* SearchResultView.xib */; };
		C659F9132396B44F009DE50B /* AppCoordinator.swift in Sources */ = {isa = PBXBuildFile; fileRef = C659F9122396B44F009DE50B /* AppCoordinator.swift */; };
		C659F9162396B4EC009DE50B /* ServiceHolder.swift in Sources */ = {isa = PBXBuildFile; fileRef = C659F9152396B4EC009DE50B /* ServiceHolder.swift */; };
		C659F92E2396B533009DE50B /* UITableView.swift in Sources */ = {isa = PBXBuildFile; fileRef = C659F91F2396B533009DE50B /* UITableView.swift */; };
		C659F92F2396B533009DE50B /* UITableViewCell.swift in Sources */ = {isa = PBXBuildFile; fileRef = C659F9202396B533009DE50B /* UITableViewCell.swift */; };
		C659F9312396B533009DE50B /* UIViewController.swift in Sources */ = {isa = PBXBuildFile; fileRef = C659F9222396B533009DE50B /* UIViewController.swift */; };
		C659F9352396B533009DE50B /* UIStoryboard.swift in Sources */ = {isa = PBXBuildFile; fileRef = C659F9262396B533009DE50B /* UIStoryboard.swift */; };
		C659F9372396B533009DE50B /* NSObject.swift in Sources */ = {isa = PBXBuildFile; fileRef = C659F9282396B533009DE50B /* NSObject.swift */; };
		C659F93A2396B57C009DE50B /* MainCoordinator.swift in Sources */ = {isa = PBXBuildFile; fileRef = C659F9392396B57C009DE50B /* MainCoordinator.swift */; };
		C659F93C2396B5A2009DE50B /* MainViewModel.swift in Sources */ = {isa = PBXBuildFile; fileRef = C659F93B2396B5A2009DE50B /* MainViewModel.swift */; };
		C659F93D2396F6F7009DE50B /* MainViewController.swift in Sources */ = {isa = PBXBuildFile; fileRef = EF6C7AE22395450F00AA51BC /* MainViewController.swift */; };
		C659F952239BDE3D009DE50B /* Categories.swift in Sources */ = {isa = PBXBuildFile; fileRef = C659F951239BDE3D009DE50B /* Categories.swift */; };
		C659F954239C5C87009DE50B /* String.swift in Sources */ = {isa = PBXBuildFile; fileRef = C659F953239C5C87009DE50B /* String.swift */; };
		E1E9F8345ABA826B38B7F327 /* Pods_KropHackathon.framework in Frameworks */ = {isa = PBXBuildFile; fileRef = E6EA3ABF16065DF238874777 /* Pods_KropHackathon.framework */; };
		EF4D8C752397A8EC003CA1BF /* ListViewController.swift in Sources */ = {isa = PBXBuildFile; fileRef = EF4D8C742397A8EC003CA1BF /* ListViewController.swift */; };
		EF4D8C772397AB3B003CA1BF /* ListCoordinator.swift in Sources */ = {isa = PBXBuildFile; fileRef = EF4D8C762397AB3B003CA1BF /* ListCoordinator.swift */; };
		EF4D8C792397AB94003CA1BF /* ListViewModel.swift in Sources */ = {isa = PBXBuildFile; fileRef = EF4D8C782397AB94003CA1BF /* ListViewModel.swift */; };
		EF4D8C7B2397AC15003CA1BF /* List.storyboard in Resources */ = {isa = PBXBuildFile; fileRef = EF4D8C7A2397AC15003CA1BF /* List.storyboard */; };
		EF4D8C7F2397B930003CA1BF /* UIFont.swift in Sources */ = {isa = PBXBuildFile; fileRef = EF4D8C7E2397B930003CA1BF /* UIFont.swift */; };
		EF4D8C862397C632003CA1BF /* ServiceTableViewCell.swift in Sources */ = {isa = PBXBuildFile; fileRef = EF4D8C842397C632003CA1BF /* ServiceTableViewCell.swift */; };
		EF4D8C872397C632003CA1BF /* ServiceTableViewCell.xib in Resources */ = {isa = PBXBuildFile; fileRef = EF4D8C852397C632003CA1BF /* ServiceTableViewCell.xib */; };
		EF4D8C8F2397DD77003CA1BF /* SF-Pro-Rounded-Bold.otf in Resources */ = {isa = PBXBuildFile; fileRef = EF4D8C8A2397DD77003CA1BF /* SF-Pro-Rounded-Bold.otf */; };
		EF4D8C902397DD77003CA1BF /* SF-Pro-Rounded-Heavy.otf in Resources */ = {isa = PBXBuildFile; fileRef = EF4D8C8B2397DD77003CA1BF /* SF-Pro-Rounded-Heavy.otf */; };
		EF4D8C912397DD77003CA1BF /* SF-Pro-Rounded-Ultralight.otf in Resources */ = {isa = PBXBuildFile; fileRef = EF4D8C8C2397DD77003CA1BF /* SF-Pro-Rounded-Ultralight.otf */; };
		EF4D8C922397DD77003CA1BF /* SF-Pro-Rounded-Semibold.otf in Resources */ = {isa = PBXBuildFile; fileRef = EF4D8C8D2397DD77003CA1BF /* SF-Pro-Rounded-Semibold.otf */; };
		EF4D8C932397DD77003CA1BF /* SF-Pro-Rounded-Regular.otf in Resources */ = {isa = PBXBuildFile; fileRef = EF4D8C8E2397DD77003CA1BF /* SF-Pro-Rounded-Regular.otf */; };
		EF4D8C982397ECCE003CA1BF /* HospitalModel.swift in Sources */ = {isa = PBXBuildFile; fileRef = EF4D8C972397ECCE003CA1BF /* HospitalModel.swift */; };
		EF4D8C9C239907D3003CA1BF /* HospitalDetailsTableViewCell.swift in Sources */ = {isa = PBXBuildFile; fileRef = EF4D8C9A239907D3003CA1BF /* HospitalDetailsTableViewCell.swift */; };
		EF4D8C9D239907D3003CA1BF /* HospitalDetailsTableViewCell.xib in Resources */ = {isa = PBXBuildFile; fileRef = EF4D8C9B239907D3003CA1BF /* HospitalDetailsTableViewCell.xib */; };
		EF4D8C9F239926DC003CA1BF /* HospitalInfoDetailModel.swift in Sources */ = {isa = PBXBuildFile; fileRef = EF4D8C9E239926DC003CA1BF /* HospitalInfoDetailModel.swift */; };
		EF4D8CA223992B54003CA1BF /* TitleTableViewCell.swift in Sources */ = {isa = PBXBuildFile; fileRef = EF4D8CA023992B54003CA1BF /* TitleTableViewCell.swift */; };
		EF4D8CA323992B54003CA1BF /* TitleTableViewCell.xib in Resources */ = {isa = PBXBuildFile; fileRef = EF4D8CA123992B54003CA1BF /* TitleTableViewCell.xib */; };
		EF6C7ADF2395450F00AA51BC /* AppDelegate.swift in Sources */ = {isa = PBXBuildFile; fileRef = EF6C7ADE2395450F00AA51BC /* AppDelegate.swift */; };
		EF6C7AE62395450F00AA51BC /* Main.storyboard in Resources */ = {isa = PBXBuildFile; fileRef = EF6C7AE42395450F00AA51BC /* Main.storyboard */; };
		EF6C7AE82395451000AA51BC /* Assets.xcassets in Resources */ = {isa = PBXBuildFile; fileRef = EF6C7AE72395451000AA51BC /* Assets.xcassets */; };
		EF6C7AEB2395451000AA51BC /* LaunchScreen.storyboard in Resources */ = {isa = PBXBuildFile; fileRef = EF6C7AE92395451000AA51BC /* LaunchScreen.storyboard */; };
/* End PBXBuildFile section */

/* Begin PBXFileReference section */
		6C96965C529B59196D073CA5 /* Pods-KropHackathon.debug.xcconfig */ = {isa = PBXFileReference; includeInIndex = 1; lastKnownFileType = text.xcconfig; name = "Pods-KropHackathon.debug.xcconfig"; path = "Target Support Files/Pods-KropHackathon/Pods-KropHackathon.debug.xcconfig"; sourceTree = "<group>"; };
		72C9A0A53B930FB5B67DD84F /* Pods-KropHackathon.release.xcconfig */ = {isa = PBXFileReference; includeInIndex = 1; lastKnownFileType = text.xcconfig; name = "Pods-KropHackathon.release.xcconfig"; path = "Target Support Files/Pods-KropHackathon/Pods-KropHackathon.release.xcconfig"; sourceTree = "<group>"; };
		9541B0A6239707920084A0C0 /* Style.swift */ = {isa = PBXFileReference; lastKnownFileType = sourcecode.swift; path = Style.swift; sourceTree = "<group>"; };
		9541B0A8239708130084A0C0 /* CALayer.swift */ = {isa = PBXFileReference; lastKnownFileType = sourcecode.swift; path = CALayer.swift; sourceTree = "<group>"; };
		9547427C239A79F600320C07 /* NetworkManager.swift */ = {isa = PBXFileReference; fileEncoding = 4; lastKnownFileType = sourcecode.swift; path = NetworkManager.swift; sourceTree = "<group>"; };
		9547427E239A7A2000320C07 /* ParsingHelper.swift */ = {isa = PBXFileReference; fileEncoding = 4; lastKnownFileType = sourcecode.swift; path = ParsingHelper.swift; sourceTree = "<group>"; };
		95474282239A82B300320C07 /* NetworkService.swift */ = {isa = PBXFileReference; lastKnownFileType = sourcecode.swift; path = NetworkService.swift; sourceTree = "<group>"; };
		95474286239A8B7000320C07 /* ServiceTypeModel.swift */ = {isa = PBXFileReference; fileEncoding = 4; lastKnownFileType = sourcecode.swift; path = ServiceTypeModel.swift; sourceTree = "<group>"; };
		954CAAE52397B586007A77C0 /* HospitalCell.xib */ = {isa = PBXFileReference; lastKnownFileType = file.xib; path = HospitalCell.xib; sourceTree = "<group>"; };
		954CAAE72397B597007A77C0 /* HospitalCell.swift */ = {isa = PBXFileReference; lastKnownFileType = sourcecode.swift; path = HospitalCell.swift; sourceTree = "<group>"; };
		954CAAEE2397EC20007A77C0 /* HospitalDetailsController.swift */ = {isa = PBXFileReference; lastKnownFileType = sourcecode.swift; path = HospitalDetailsController.swift; sourceTree = "<group>"; };
		954CAAF02397EC47007A77C0 /* HospitalDetailsCoordinator.swift */ = {isa = PBXFileReference; lastKnownFileType = sourcecode.swift; path = HospitalDetailsCoordinator.swift; sourceTree = "<group>"; };
		954CAAF22397EC5A007A77C0 /* HospitalDetailesModel.swift */ = {isa = PBXFileReference; lastKnownFileType = sourcecode.swift; path = HospitalDetailesModel.swift; sourceTree = "<group>"; };
		954CAAF42397ECE9007A77C0 /* HospitalDetails.storyboard */ = {isa = PBXFileReference; lastKnownFileType = file.storyboard; path = HospitalDetails.storyboard; sourceTree = "<group>"; };
		954CAAFB23984740007A77C0 /* MapView.swift */ = {isa = PBXFileReference; fileEncoding = 4; lastKnownFileType = sourcecode.swift; path = MapView.swift; sourceTree = "<group>"; };
		954CAAFD23984747007A77C0 /* MapView.xib */ = {isa = PBXFileReference; fileEncoding = 4; lastKnownFileType = file.xib; path = MapView.xib; sourceTree = "<group>"; };
		954CAAFF239847B4007A77C0 /* UIView.swift */ = {isa = PBXFileReference; lastKnownFileType = sourcecode.swift; path = UIView.swift; sourceTree = "<group>"; };
		954CAB0123984DE4007A77C0 /* UrlHelper.swift */ = {isa = PBXFileReference; lastKnownFileType = sourcecode.swift; path = UrlHelper.swift; sourceTree = "<group>"; };
		954D2FC9239BAC48009DB756 /* Hospital.swift */ = {isa = PBXFileReference; lastKnownFileType = sourcecode.swift; path = Hospital.swift; sourceTree = "<group>"; };
		95E7738623970B1D00F05169 /* UIColor.swift */ = {isa = PBXFileReference; lastKnownFileType = sourcecode.swift; path = UIColor.swift; sourceTree = "<group>"; };
		95E7738A2397123300F05169 /* ServiceCell.swift */ = {isa = PBXFileReference; lastKnownFileType = sourcecode.swift; path = ServiceCell.swift; sourceTree = "<group>"; };
		95E7738C2397124F00F05169 /* ServiceCell.xib */ = {isa = PBXFileReference; lastKnownFileType = file.xib; path = ServiceCell.xib; sourceTree = "<group>"; };
		95EB52F323994D7A00A6BD26 /* SearchResultView.swift */ = {isa = PBXFileReference; lastKnownFileType = sourcecode.swift; path = SearchResultView.swift; sourceTree = "<group>"; };
		95EB52F523994D8F00A6BD26 /* SearchResultView.xib */ = {isa = PBXFileReference; lastKnownFileType = file.xib; path = SearchResultView.xib; sourceTree = "<group>"; };
		C659F9122396B44F009DE50B /* AppCoordinator.swift */ = {isa = PBXFileReference; lastKnownFileType = sourcecode.swift; path = AppCoordinator.swift; sourceTree = "<group>"; };
		C659F9152396B4EC009DE50B /* ServiceHolder.swift */ = {isa = PBXFileReference; lastKnownFileType = sourcecode.swift; path = ServiceHolder.swift; sourceTree = "<group>"; };
		C659F91F2396B533009DE50B /* UITableView.swift */ = {isa = PBXFileReference; fileEncoding = 4; lastKnownFileType = sourcecode.swift; path = UITableView.swift; sourceTree = "<group>"; };
		C659F9202396B533009DE50B /* UITableViewCell.swift */ = {isa = PBXFileReference; fileEncoding = 4; lastKnownFileType = sourcecode.swift; path = UITableViewCell.swift; sourceTree = "<group>"; };
		C659F9222396B533009DE50B /* UIViewController.swift */ = {isa = PBXFileReference; fileEncoding = 4; lastKnownFileType = sourcecode.swift; path = UIViewController.swift; sourceTree = "<group>"; };
		C659F9262396B533009DE50B /* UIStoryboard.swift */ = {isa = PBXFileReference; fileEncoding = 4; lastKnownFileType = sourcecode.swift; path = UIStoryboard.swift; sourceTree = "<group>"; };
		C659F9282396B533009DE50B /* NSObject.swift */ = {isa = PBXFileReference; fileEncoding = 4; lastKnownFileType = sourcecode.swift; path = NSObject.swift; sourceTree = "<group>"; };
		C659F9392396B57C009DE50B /* MainCoordinator.swift */ = {isa = PBXFileReference; lastKnownFileType = sourcecode.swift; path = MainCoordinator.swift; sourceTree = "<group>"; };
		C659F93B2396B5A2009DE50B /* MainViewModel.swift */ = {isa = PBXFileReference; lastKnownFileType = sourcecode.swift; path = MainViewModel.swift; sourceTree = "<group>"; };
		C659F951239BDE3D009DE50B /* Categories.swift */ = {isa = PBXFileReference; lastKnownFileType = sourcecode.swift; path = Categories.swift; sourceTree = "<group>"; };
		C659F953239C5C87009DE50B /* String.swift */ = {isa = PBXFileReference; lastKnownFileType = sourcecode.swift; path = String.swift; sourceTree = "<group>"; };
		E6EA3ABF16065DF238874777 /* Pods_KropHackathon.framework */ = {isa = PBXFileReference; explicitFileType = wrapper.framework; includeInIndex = 0; path = Pods_KropHackathon.framework; sourceTree = BUILT_PRODUCTS_DIR; };
		EF4D8C742397A8EC003CA1BF /* ListViewController.swift */ = {isa = PBXFileReference; lastKnownFileType = sourcecode.swift; path = ListViewController.swift; sourceTree = "<group>"; };
		EF4D8C762397AB3B003CA1BF /* ListCoordinator.swift */ = {isa = PBXFileReference; lastKnownFileType = sourcecode.swift; path = ListCoordinator.swift; sourceTree = "<group>"; };
		EF4D8C782397AB94003CA1BF /* ListViewModel.swift */ = {isa = PBXFileReference; lastKnownFileType = sourcecode.swift; path = ListViewModel.swift; sourceTree = "<group>"; };
		EF4D8C7A2397AC15003CA1BF /* List.storyboard */ = {isa = PBXFileReference; lastKnownFileType = file.storyboard; path = List.storyboard; sourceTree = "<group>"; };
		EF4D8C7E2397B930003CA1BF /* UIFont.swift */ = {isa = PBXFileReference; lastKnownFileType = sourcecode.swift; path = UIFont.swift; sourceTree = "<group>"; };
		EF4D8C842397C632003CA1BF /* ServiceTableViewCell.swift */ = {isa = PBXFileReference; fileEncoding = 4; lastKnownFileType = sourcecode.swift; path = ServiceTableViewCell.swift; sourceTree = "<group>"; };
		EF4D8C852397C632003CA1BF /* ServiceTableViewCell.xib */ = {isa = PBXFileReference; fileEncoding = 4; lastKnownFileType = file.xib; path = ServiceTableViewCell.xib; sourceTree = "<group>"; };
		EF4D8C8A2397DD77003CA1BF /* SF-Pro-Rounded-Bold.otf */ = {isa = PBXFileReference; lastKnownFileType = file; path = "SF-Pro-Rounded-Bold.otf"; sourceTree = "<group>"; };
		EF4D8C8B2397DD77003CA1BF /* SF-Pro-Rounded-Heavy.otf */ = {isa = PBXFileReference; lastKnownFileType = file; path = "SF-Pro-Rounded-Heavy.otf"; sourceTree = "<group>"; };
		EF4D8C8C2397DD77003CA1BF /* SF-Pro-Rounded-Ultralight.otf */ = {isa = PBXFileReference; lastKnownFileType = file; path = "SF-Pro-Rounded-Ultralight.otf"; sourceTree = "<group>"; };
		EF4D8C8D2397DD77003CA1BF /* SF-Pro-Rounded-Semibold.otf */ = {isa = PBXFileReference; lastKnownFileType = file; path = "SF-Pro-Rounded-Semibold.otf"; sourceTree = "<group>"; };
		EF4D8C8E2397DD77003CA1BF /* SF-Pro-Rounded-Regular.otf */ = {isa = PBXFileReference; lastKnownFileType = file; path = "SF-Pro-Rounded-Regular.otf"; sourceTree = "<group>"; };
		EF4D8C972397ECCE003CA1BF /* HospitalModel.swift */ = {isa = PBXFileReference; lastKnownFileType = sourcecode.swift; path = HospitalModel.swift; sourceTree = "<group>"; };
		EF4D8C9A239907D3003CA1BF /* HospitalDetailsTableViewCell.swift */ = {isa = PBXFileReference; lastKnownFileType = sourcecode.swift; path = HospitalDetailsTableViewCell.swift; sourceTree = "<group>"; };
		EF4D8C9B239907D3003CA1BF /* HospitalDetailsTableViewCell.xib */ = {isa = PBXFileReference; lastKnownFileType = file.xib; path = HospitalDetailsTableViewCell.xib; sourceTree = "<group>"; };
		EF4D8C9E239926DC003CA1BF /* HospitalInfoDetailModel.swift */ = {isa = PBXFileReference; lastKnownFileType = sourcecode.swift; path = HospitalInfoDetailModel.swift; sourceTree = "<group>"; };
		EF4D8CA023992B54003CA1BF /* TitleTableViewCell.swift */ = {isa = PBXFileReference; lastKnownFileType = sourcecode.swift; path = TitleTableViewCell.swift; sourceTree = "<group>"; };
		EF4D8CA123992B54003CA1BF /* TitleTableViewCell.xib */ = {isa = PBXFileReference; lastKnownFileType = file.xib; path = TitleTableViewCell.xib; sourceTree = "<group>"; };
		EF6C7ADB2395450F00AA51BC /* KropDiagnost.app */ = {isa = PBXFileReference; explicitFileType = wrapper.application; includeInIndex = 0; path = KropDiagnost.app; sourceTree = BUILT_PRODUCTS_DIR; };
		EF6C7ADE2395450F00AA51BC /* AppDelegate.swift */ = {isa = PBXFileReference; lastKnownFileType = sourcecode.swift; path = AppDelegate.swift; sourceTree = "<group>"; };
		EF6C7AE22395450F00AA51BC /* MainViewController.swift */ = {isa = PBXFileReference; lastKnownFileType = sourcecode.swift; path = MainViewController.swift; sourceTree = "<group>"; };
		EF6C7AE52395450F00AA51BC /* Base */ = {isa = PBXFileReference; lastKnownFileType = file.storyboard; name = Base; path = Base.lproj/Main.storyboard; sourceTree = "<group>"; };
		EF6C7AE72395451000AA51BC /* Assets.xcassets */ = {isa = PBXFileReference; lastKnownFileType = folder.assetcatalog; path = Assets.xcassets; sourceTree = "<group>"; };
		EF6C7AEA2395451000AA51BC /* Base */ = {isa = PBXFileReference; lastKnownFileType = file.storyboard; name = Base; path = Base.lproj/LaunchScreen.storyboard; sourceTree = "<group>"; };
		EF6C7AEC2395451000AA51BC /* Info.plist */ = {isa = PBXFileReference; lastKnownFileType = text.plist.xml; path = Info.plist; sourceTree = "<group>"; };
/* End PBXFileReference section */

/* Begin PBXFrameworksBuildPhase section */
		EF6C7AD82395450F00AA51BC /* Frameworks */ = {
			isa = PBXFrameworksBuildPhase;
			buildActionMask = 2147483647;
			files = (
				E1E9F8345ABA826B38B7F327 /* Pods_KropHackathon.framework in Frameworks */,
			);
			runOnlyForDeploymentPostprocessing = 0;
		};
/* End PBXFrameworksBuildPhase section */

/* Begin PBXGroup section */
		1B72B8FB5FD42C11DC6BF0B9 /* Frameworks */ = {
			isa = PBXGroup;
			children = (
				E6EA3ABF16065DF238874777 /* Pods_KropHackathon.framework */,
			);
			name = Frameworks;
			sourceTree = "<group>";
		};
		9541B09A2396AE060084A0C0 /* Views */ = {
			isa = PBXGroup;
			children = (
				95EB52F723994D9800A6BD26 /* SearchResult */,
				954BDE4B239A33D5008EA75F /* Map */,
				9541B09B2396AE670084A0C0 /* Cells */,
			);
			path = Views;
			sourceTree = "<group>";
		};
		9541B09B2396AE670084A0C0 /* Cells */ = {
			isa = PBXGroup;
			children = (
				EF4D8C99239906DE003CA1BF /* HospitalDetails */,
				954CAAE42397B569007A77C0 /* Hospital */,
				9541B0A12396B4F10084A0C0 /* Service */,
				9541B0A02396B4820084A0C0 /* ServiceType */,
			);
			path = Cells;
			sourceTree = "<group>";
		};
		9541B0A02396B4820084A0C0 /* ServiceType */ = {
			isa = PBXGroup;
			children = (
				95E7738A2397123300F05169 /* ServiceCell.swift */,
				95E7738C2397124F00F05169 /* ServiceCell.xib */,
			);
			path = ServiceType;
			sourceTree = "<group>";
		};
		9541B0A12396B4F10084A0C0 /* Service */ = {
			isa = PBXGroup;
			children = (
				EF4D8C842397C632003CA1BF /* ServiceTableViewCell.swift */,
				EF4D8C852397C632003CA1BF /* ServiceTableViewCell.xib */,
			);
			path = Service;
			sourceTree = "<group>";
		};
		95474279239A797100320C07 /* Network */ = {
			isa = PBXGroup;
			children = (
				9547427B239A79D400320C07 /* NetworkManager */,
				9547427A239A79C800320C07 /* Models */,
			);
			path = Network;
			sourceTree = "<group>";
		};
		9547427A239A79C800320C07 /* Models */ = {
			isa = PBXGroup;
			children = (
				954D2FC9239BAC48009DB756 /* Hospital.swift */,
				C659F951239BDE3D009DE50B /* Categories.swift */,
			);
			path = Models;
			sourceTree = "<group>";
		};
		9547427B239A79D400320C07 /* NetworkManager */ = {
			isa = PBXGroup;
			children = (
				9547427C239A79F600320C07 /* NetworkManager.swift */,
				9547427E239A7A2000320C07 /* ParsingHelper.swift */,
			);
			path = NetworkManager;
			sourceTree = "<group>";
		};
		95474288239A8BCE00320C07 /* Hospital */ = {
			isa = PBXGroup;
			children = (
				EF4D8C9A239907D3003CA1BF /* HospitalDetailsTableViewCell.swift */,
				EF4D8C9B239907D3003CA1BF /* HospitalDetailsTableViewCell.xib */,
			);
			path = Hospital;
			sourceTree = "<group>";
		};
		95474289239A8BE200320C07 /* Title */ = {
			isa = PBXGroup;
			children = (
				EF4D8CA023992B54003CA1BF /* TitleTableViewCell.swift */,
				EF4D8CA123992B54003CA1BF /* TitleTableViewCell.xib */,
			);
			path = Title;
			sourceTree = "<group>";
		};
		954BDE4B239A33D5008EA75F /* Map */ = {
			isa = PBXGroup;
			children = (
				954CAAFD23984747007A77C0 /* MapView.xib */,
				954CAAFB23984740007A77C0 /* MapView.swift */,
			);
			path = Map;
			sourceTree = "<group>";
		};
		954CAAE42397B569007A77C0 /* Hospital */ = {
			isa = PBXGroup;
			children = (
				954CAAE52397B586007A77C0 /* HospitalCell.xib */,
				954CAAE72397B597007A77C0 /* HospitalCell.swift */,
			);
			path = Hospital;
			sourceTree = "<group>";
		};
		954CAAED2397EB9F007A77C0 /* HospitalScreen */ = {
			isa = PBXGroup;
			children = (
				954CAAEE2397EC20007A77C0 /* HospitalDetailsController.swift */,
				954CAAF02397EC47007A77C0 /* HospitalDetailsCoordinator.swift */,
				954CAAF22397EC5A007A77C0 /* HospitalDetailesModel.swift */,
			);
			path = HospitalScreen;
			sourceTree = "<group>";
		};
		95EB52F723994D9800A6BD26 /* SearchResult */ = {
			isa = PBXGroup;
			children = (
				95EB52F323994D7A00A6BD26 /* SearchResultView.swift */,
				95EB52F523994D8F00A6BD26 /* SearchResultView.xib */,
			);
			path = SearchResult;
			sourceTree = "<group>";
		};
		C659F9112396B3F4009DE50B /* Services */ = {
			isa = PBXGroup;
			children = (
				C659F9152396B4EC009DE50B /* ServiceHolder.swift */,
				95474282239A82B300320C07 /* NetworkService.swift */,
			);
			path = Services;
			sourceTree = "<group>";
		};
		C659F9142396B4C0009DE50B /* Controllers */ = {
			isa = PBXGroup;
			children = (
				954CAAED2397EB9F007A77C0 /* HospitalScreen */,
				EF4D8C732397A8C8003CA1BF /* ListScreen */,
				EF4D8C722397A8B8003CA1BF /* Main */,
			);
			path = Controllers;
			sourceTree = "<group>";
		};
		C659F9192396B533009DE50B /* Extensions */ = {
			isa = PBXGroup;
			children = (
				C659F91B2396B533009DE50B /* UI */,
				9541B0A6239707920084A0C0 /* Style.swift */,
				954CAB0123984DE4007A77C0 /* UrlHelper.swift */,
			);
			path = Extensions;
			sourceTree = "<group>";
		};
		C659F91B2396B533009DE50B /* UI */ = {
			isa = PBXGroup;
			children = (
				9541B0A8239708130084A0C0 /* CALayer.swift */,
				C659F91F2396B533009DE50B /* UITableView.swift */,
				C659F9202396B533009DE50B /* UITableViewCell.swift */,
				95E7738623970B1D00F05169 /* UIColor.swift */,
				954CAAFF239847B4007A77C0 /* UIView.swift */,
				C659F9222396B533009DE50B /* UIViewController.swift */,
				C659F9282396B533009DE50B /* NSObject.swift */,
				C659F953239C5C87009DE50B /* String.swift */,
				C659F9262396B533009DE50B /* UIStoryboard.swift */,
				EF4D8C7E2397B930003CA1BF /* UIFont.swift */,
			);
			path = UI;
			sourceTree = "<group>";
		};
		C659F93E2396F8A0009DE50B /* Resources */ = {
			isa = PBXGroup;
			children = (
				EF6C7AE72395451000AA51BC /* Assets.xcassets */,
				C659F93F2396F8B0009DE50B /* Fonts */,
			);
			path = Resources;
			sourceTree = "<group>";
		};
		C659F93F2396F8B0009DE50B /* Fonts */ = {
			isa = PBXGroup;
			children = (
				EF4D8C8A2397DD77003CA1BF /* SF-Pro-Rounded-Bold.otf */,
				EF4D8C8B2397DD77003CA1BF /* SF-Pro-Rounded-Heavy.otf */,
				EF4D8C8E2397DD77003CA1BF /* SF-Pro-Rounded-Regular.otf */,
				EF4D8C8D2397DD77003CA1BF /* SF-Pro-Rounded-Semibold.otf */,
				EF4D8C8C2397DD77003CA1BF /* SF-Pro-Rounded-Ultralight.otf */,
			);
			path = Fonts;
			sourceTree = "<group>";
		};
		EF4D8C722397A8B8003CA1BF /* Main */ = {
			isa = PBXGroup;
			children = (
				EF6C7AE22395450F00AA51BC /* MainViewController.swift */,
				C659F9392396B57C009DE50B /* MainCoordinator.swift */,
				C659F93B2396B5A2009DE50B /* MainViewModel.swift */,
			);
			path = Main;
			sourceTree = "<group>";
		};
		EF4D8C732397A8C8003CA1BF /* ListScreen */ = {
			isa = PBXGroup;
			children = (
				EF4D8C742397A8EC003CA1BF /* ListViewController.swift */,
				EF4D8C762397AB3B003CA1BF /* ListCoordinator.swift */,
				EF4D8C782397AB94003CA1BF /* ListViewModel.swift */,
			);
			path = ListScreen;
			sourceTree = "<group>";
		};
		EF4D8C942397E332003CA1BF /* Models */ = {
			isa = PBXGroup;
			children = (
				EF4D8C972397ECCE003CA1BF /* HospitalModel.swift */,
				95474286239A8B7000320C07 /* ServiceTypeModel.swift */,
				EF4D8C9E239926DC003CA1BF /* HospitalInfoDetailModel.swift */,
			);
			path = Models;
			sourceTree = "<group>";
		};
		EF4D8C99239906DE003CA1BF /* HospitalDetails */ = {
			isa = PBXGroup;
			children = (
				95474289239A8BE200320C07 /* Title */,
				95474288239A8BCE00320C07 /* Hospital */,
			);
			path = HospitalDetails;
			sourceTree = "<group>";
		};
		EF6C7AD22395450F00AA51BC = {
			isa = PBXGroup;
			children = (
				EF6C7ADD2395450F00AA51BC /* KropHackathon */,
				EF6C7ADC2395450F00AA51BC /* Products */,
				F47DF6EEE259A22B3F793F70 /* Pods */,
				1B72B8FB5FD42C11DC6BF0B9 /* Frameworks */,
			);
			sourceTree = "<group>";
		};
		EF6C7ADC2395450F00AA51BC /* Products */ = {
			isa = PBXGroup;
			children = (
				EF6C7ADB2395450F00AA51BC /* KropDiagnost.app */,
			);
			name = Products;
			sourceTree = "<group>";
		};
		EF6C7ADD2395450F00AA51BC /* KropHackathon */ = {
			isa = PBXGroup;
			children = (
				EF6C7ADE2395450F00AA51BC /* AppDelegate.swift */,
				C659F9122396B44F009DE50B /* AppCoordinator.swift */,
				95474279239A797100320C07 /* Network */,
				C659F9192396B533009DE50B /* Extensions */,
				C659F9112396B3F4009DE50B /* Services */,
				EF4D8C942397E332003CA1BF /* Models */,
				C659F9142396B4C0009DE50B /* Controllers */,
				9541B09A2396AE060084A0C0 /* Views */,
				C659F93E2396F8A0009DE50B /* Resources */,
				EF6C7AE42395450F00AA51BC /* Main.storyboard */,
				EF4D8C7A2397AC15003CA1BF /* List.storyboard */,
				954CAAF42397ECE9007A77C0 /* HospitalDetails.storyboard */,
				EF6C7AE92395451000AA51BC /* LaunchScreen.storyboard */,
				EF6C7AEC2395451000AA51BC /* Info.plist */,
			);
			path = KropHackathon;
			sourceTree = "<group>";
		};
		F47DF6EEE259A22B3F793F70 /* Pods */ = {
			isa = PBXGroup;
			children = (
				6C96965C529B59196D073CA5 /* Pods-KropHackathon.debug.xcconfig */,
				72C9A0A53B930FB5B67DD84F /* Pods-KropHackathon.release.xcconfig */,
			);
			path = Pods;
			sourceTree = "<group>";
		};
/* End PBXGroup section */

/* Begin PBXNativeTarget section */
		EF6C7ADA2395450F00AA51BC /* KropHackathon */ = {
			isa = PBXNativeTarget;
			buildConfigurationList = EF6C7AEF2395451000AA51BC /* Build configuration list for PBXNativeTarget "KropHackathon" */;
			buildPhases = (
				AE1D413828E17931FAAAEC66 /* [CP] Check Pods Manifest.lock */,
				EF6C7AD72395450F00AA51BC /* Sources */,
				EF6C7AD82395450F00AA51BC /* Frameworks */,
				EF6C7AD92395450F00AA51BC /* Resources */,
				EF6C7AF623954BCA00AA51BC /* ShellScript */,
				300B8BF633507D3D41245859 /* [CP] Copy Pods Resources */,
				178045E3E5DD81F716F3CD37 /* [CP] Embed Pods Frameworks */,
			);
			buildRules = (
			);
			dependencies = (
			);
			name = KropHackathon;
			productName = KropHackathon;
			productReference = EF6C7ADB2395450F00AA51BC /* KropDiagnost.app */;
			productType = "com.apple.product-type.application";
		};
/* End PBXNativeTarget section */

/* Begin PBXProject section */
		EF6C7AD32395450F00AA51BC /* Project object */ = {
			isa = PBXProject;
			attributes = {
				LastSwiftUpdateCheck = 1110;
				LastUpgradeCheck = 1110;
				ORGANIZATIONNAME = onix;
				TargetAttributes = {
					EF6C7ADA2395450F00AA51BC = {
						CreatedOnToolsVersion = 11.1;
					};
				};
			};
			buildConfigurationList = EF6C7AD62395450F00AA51BC /* Build configuration list for PBXProject "KropHackathon" */;
			compatibilityVersion = "Xcode 9.3";
			developmentRegion = en;
			hasScannedForEncodings = 0;
			knownRegions = (
				en,
				Base,
			);
			mainGroup = EF6C7AD22395450F00AA51BC;
			productRefGroup = EF6C7ADC2395450F00AA51BC /* Products */;
			projectDirPath = "";
			projectRoot = "";
			targets = (
				EF6C7ADA2395450F00AA51BC /* KropHackathon */,
			);
		};
/* End PBXProject section */

/* Begin PBXResourcesBuildPhase section */
		EF6C7AD92395450F00AA51BC /* Resources */ = {
			isa = PBXResourcesBuildPhase;
			buildActionMask = 2147483647;
			files = (
				95E7738D2397124F00F05169 /* ServiceCell.xib in Resources */,
				EF4D8C8F2397DD77003CA1BF /* SF-Pro-Rounded-Bold.otf in Resources */,
				EF4D8C922397DD77003CA1BF /* SF-Pro-Rounded-Semibold.otf in Resources */,
				EF6C7AEB2395451000AA51BC /* LaunchScreen.storyboard in Resources */,
				954CAAE62397B586007A77C0 /* HospitalCell.xib in Resources */,
				EF4D8C9D239907D3003CA1BF /* HospitalDetailsTableViewCell.xib in Resources */,
				95EB52F623994D8F00A6BD26 /* SearchResultView.xib in Resources */,
				EF4D8C932397DD77003CA1BF /* SF-Pro-Rounded-Regular.otf in Resources */,
				EF6C7AE82395451000AA51BC /* Assets.xcassets in Resources */,
				EF4D8C902397DD77003CA1BF /* SF-Pro-Rounded-Heavy.otf in Resources */,
				954CAAF52397ECE9007A77C0 /* HospitalDetails.storyboard in Resources */,
				EF4D8C872397C632003CA1BF /* ServiceTableViewCell.xib in Resources */,
				EF4D8C7B2397AC15003CA1BF /* List.storyboard in Resources */,
				EF4D8CA323992B54003CA1BF /* TitleTableViewCell.xib in Resources */,
				EF4D8C912397DD77003CA1BF /* SF-Pro-Rounded-Ultralight.otf in Resources */,
				EF6C7AE62395450F00AA51BC /* Main.storyboard in Resources */,
				954CAAFE23984747007A77C0 /* MapView.xib in Resources */,
			);
			runOnlyForDeploymentPostprocessing = 0;
		};
/* End PBXResourcesBuildPhase section */

/* Begin PBXShellScriptBuildPhase section */
		178045E3E5DD81F716F3CD37 /* [CP] Embed Pods Frameworks */ = {
			isa = PBXShellScriptBuildPhase;
			buildActionMask = 2147483647;
			files = (
			);
			inputFileListPaths = (
				"${PODS_ROOT}/Target Support Files/Pods-KropHackathon/Pods-KropHackathon-frameworks-${CONFIGURATION}-input-files.xcfilelist",
			);
			name = "[CP] Embed Pods Frameworks";
			outputFileListPaths = (
				"${PODS_ROOT}/Target Support Files/Pods-KropHackathon/Pods-KropHackathon-frameworks-${CONFIGURATION}-output-files.xcfilelist",
			);
			runOnlyForDeploymentPostprocessing = 0;
			shellPath = /bin/sh;
			shellScript = "\"${PODS_ROOT}/Target Support Files/Pods-KropHackathon/Pods-KropHackathon-frameworks.sh\"\n";
			showEnvVarsInLog = 0;
		};
		300B8BF633507D3D41245859 /* [CP] Copy Pods Resources */ = {
			isa = PBXShellScriptBuildPhase;
			buildActionMask = 2147483647;
			files = (
			);
			inputFileListPaths = (
				"${PODS_ROOT}/Target Support Files/Pods-KropHackathon/Pods-KropHackathon-resources-${CONFIGURATION}-input-files.xcfilelist",
			);
			name = "[CP] Copy Pods Resources";
			outputFileListPaths = (
				"${PODS_ROOT}/Target Support Files/Pods-KropHackathon/Pods-KropHackathon-resources-${CONFIGURATION}-output-files.xcfilelist",
			);
			runOnlyForDeploymentPostprocessing = 0;
			shellPath = /bin/sh;
			shellScript = "\"${PODS_ROOT}/Target Support Files/Pods-KropHackathon/Pods-KropHackathon-resources.sh\"\n";
			showEnvVarsInLog = 0;
		};
		AE1D413828E17931FAAAEC66 /* [CP] Check Pods Manifest.lock */ = {
			isa = PBXShellScriptBuildPhase;
			buildActionMask = 2147483647;
			files = (
			);
			inputFileListPaths = (
			);
			inputPaths = (
				"${PODS_PODFILE_DIR_PATH}/Podfile.lock",
				"${PODS_ROOT}/Manifest.lock",
			);
			name = "[CP] Check Pods Manifest.lock";
			outputFileListPaths = (
			);
			outputPaths = (
				"$(DERIVED_FILE_DIR)/Pods-KropHackathon-checkManifestLockResult.txt",
			);
			runOnlyForDeploymentPostprocessing = 0;
			shellPath = /bin/sh;
			shellScript = "diff \"${PODS_PODFILE_DIR_PATH}/Podfile.lock\" \"${PODS_ROOT}/Manifest.lock\" > /dev/null\nif [ $? != 0 ] ; then\n    # print error to STDERR\n    echo \"error: The sandbox is not in sync with the Podfile.lock. Run 'pod install' or update your CocoaPods installation.\" >&2\n    exit 1\nfi\n# This output is used by Xcode 'outputs' to avoid re-running this script phase.\necho \"SUCCESS\" > \"${SCRIPT_OUTPUT_FILE_0}\"\n";
			showEnvVarsInLog = 0;
		};
		EF6C7AF623954BCA00AA51BC /* ShellScript */ = {
			isa = PBXShellScriptBuildPhase;
			buildActionMask = 12;
			files = (
			);
			inputFileListPaths = (
			);
			inputPaths = (
			);
			outputFileListPaths = (
			);
			outputPaths = (
			);
			runOnlyForDeploymentPostprocessing = 0;
			shellPath = /bin/sh;
			shellScript = "if which swiftlint >/dev/null; then\n  swiftlint\nelse\n  echo \"error: SwiftLint does not exist, download it from https://github.com/realm/SwiftLint\"\n  exit 1\nfi\n";
		};
/* End PBXShellScriptBuildPhase section */

/* Begin PBXSourcesBuildPhase section */
		EF6C7AD72395450F00AA51BC /* Sources */ = {
			isa = PBXSourcesBuildPhase;
			buildActionMask = 2147483647;
			files = (
				95EB52F423994D7A00A6BD26 /* SearchResultView.swift in Sources */,
				C659F954239C5C87009DE50B /* String.swift in Sources */,
				954CAAFC23984740007A77C0 /* MapView.swift in Sources */,
				9547427D239A79F600320C07 /* NetworkManager.swift in Sources */,
				9541B0A9239708130084A0C0 /* CALayer.swift in Sources */,
				954CAAF32397EC5A007A77C0 /* HospitalDetailesModel.swift in Sources */,
				C659F9132396B44F009DE50B /* AppCoordinator.swift in Sources */,
				954CAAE82397B597007A77C0 /* HospitalCell.swift in Sources */,
				C659F9372396B533009DE50B /* NSObject.swift in Sources */,
				95474283239A82B300320C07 /* NetworkService.swift in Sources */,
				C659F9312396B533009DE50B /* UIViewController.swift in Sources */,
				954D2FCA239BAC48009DB756 /* Hospital.swift in Sources */,
				C659F9352396B533009DE50B /* UIStoryboard.swift in Sources */,
				95474287239A8B7000320C07 /* ServiceTypeModel.swift in Sources */,
				EF4D8C9F239926DC003CA1BF /* HospitalInfoDetailModel.swift in Sources */,
				95E7738723970B1D00F05169 /* UIColor.swift in Sources */,
				954CAB00239847B4007A77C0 /* UIView.swift in Sources */,
				954CAAEF2397EC20007A77C0 /* HospitalDetailsController.swift in Sources */,
				EF4D8C862397C632003CA1BF /* ServiceTableViewCell.swift in Sources */,
				C659F9162396B4EC009DE50B /* ServiceHolder.swift in Sources */,
				C659F92F2396B533009DE50B /* UITableViewCell.swift in Sources */,
				EF4D8C982397ECCE003CA1BF /* HospitalModel.swift in Sources */,
				C659F93D2396F6F7009DE50B /* MainViewController.swift in Sources */,
				954CAB0223984DE4007A77C0 /* UrlHelper.swift in Sources */,
				C659F92E2396B533009DE50B /* UITableView.swift in Sources */,
				9547427F239A7A2000320C07 /* ParsingHelper.swift in Sources */,
				C659F93A2396B57C009DE50B /* MainCoordinator.swift in Sources */,
				EF4D8C9C239907D3003CA1BF /* HospitalDetailsTableViewCell.swift in Sources */,
				EF4D8C772397AB3B003CA1BF /* ListCoordinator.swift in Sources */,
				C659F952239BDE3D009DE50B /* Categories.swift in Sources */,
				954CAAF12397EC47007A77C0 /* HospitalDetailsCoordinator.swift in Sources */,
				95E7738B2397123300F05169 /* ServiceCell.swift in Sources */,
				C659F93C2396B5A2009DE50B /* MainViewModel.swift in Sources */,
				EF4D8C792397AB94003CA1BF /* ListViewModel.swift in Sources */,
				EF4D8C7F2397B930003CA1BF /* UIFont.swift in Sources */,
				EF4D8C752397A8EC003CA1BF /* ListViewController.swift in Sources */,
				EF6C7ADF2395450F00AA51BC /* AppDelegate.swift in Sources */,
				EF4D8CA223992B54003CA1BF /* TitleTableViewCell.swift in Sources */,
				9541B0A7239707920084A0C0 /* Style.swift in Sources */,
			);
			runOnlyForDeploymentPostprocessing = 0;
		};
/* End PBXSourcesBuildPhase section */

/* Begin PBXVariantGroup section */
		EF6C7AE42395450F00AA51BC /* Main.storyboard */ = {
			isa = PBXVariantGroup;
			children = (
				EF6C7AE52395450F00AA51BC /* Base */,
			);
			name = Main.storyboard;
			sourceTree = "<group>";
		};
		EF6C7AE92395451000AA51BC /* LaunchScreen.storyboard */ = {
			isa = PBXVariantGroup;
			children = (
				EF6C7AEA2395451000AA51BC /* Base */,
			);
			name = LaunchScreen.storyboard;
			sourceTree = "<group>";
		};
/* End PBXVariantGroup section */

/* Begin XCBuildConfiguration section */
		EF6C7AED2395451000AA51BC /* Debug */ = {
			isa = XCBuildConfiguration;
			buildSettings = {
				ALWAYS_SEARCH_USER_PATHS = NO;
				CLANG_ANALYZER_NONNULL = YES;
				CLANG_ANALYZER_NUMBER_OBJECT_CONVERSION = YES_AGGRESSIVE;
				CLANG_CXX_LANGUAGE_STANDARD = "gnu++14";
				CLANG_CXX_LIBRARY = "libc++";
				CLANG_ENABLE_MODULES = YES;
				CLANG_ENABLE_OBJC_ARC = YES;
				CLANG_ENABLE_OBJC_WEAK = YES;
				CLANG_WARN_BLOCK_CAPTURE_AUTORELEASING = YES;
				CLANG_WARN_BOOL_CONVERSION = YES;
				CLANG_WARN_COMMA = YES;
				CLANG_WARN_CONSTANT_CONVERSION = YES;
				CLANG_WARN_DEPRECATED_OBJC_IMPLEMENTATIONS = YES;
				CLANG_WARN_DIRECT_OBJC_ISA_USAGE = YES_ERROR;
				CLANG_WARN_DOCUMENTATION_COMMENTS = YES;
				CLANG_WARN_EMPTY_BODY = YES;
				CLANG_WARN_ENUM_CONVERSION = YES;
				CLANG_WARN_INFINITE_RECURSION = YES;
				CLANG_WARN_INT_CONVERSION = YES;
				CLANG_WARN_NON_LITERAL_NULL_CONVERSION = YES;
				CLANG_WARN_OBJC_IMPLICIT_RETAIN_SELF = YES;
				CLANG_WARN_OBJC_LITERAL_CONVERSION = YES;
				CLANG_WARN_OBJC_ROOT_CLASS = YES_ERROR;
				CLANG_WARN_RANGE_LOOP_ANALYSIS = YES;
				CLANG_WARN_STRICT_PROTOTYPES = YES;
				CLANG_WARN_SUSPICIOUS_MOVE = YES;
				CLANG_WARN_UNGUARDED_AVAILABILITY = YES_AGGRESSIVE;
				CLANG_WARN_UNREACHABLE_CODE = YES;
				CLANG_WARN__DUPLICATE_METHOD_MATCH = YES;
				COPY_PHASE_STRIP = NO;
				DEBUG_INFORMATION_FORMAT = dwarf;
				ENABLE_STRICT_OBJC_MSGSEND = YES;
				ENABLE_TESTABILITY = YES;
				GCC_C_LANGUAGE_STANDARD = gnu11;
				GCC_DYNAMIC_NO_PIC = NO;
				GCC_NO_COMMON_BLOCKS = YES;
				GCC_OPTIMIZATION_LEVEL = 0;
				GCC_PREPROCESSOR_DEFINITIONS = (
					"DEBUG=1",
					"$(inherited)",
				);
				GCC_WARN_64_TO_32_BIT_CONVERSION = YES;
				GCC_WARN_ABOUT_RETURN_TYPE = YES_ERROR;
				GCC_WARN_UNDECLARED_SELECTOR = YES;
				GCC_WARN_UNINITIALIZED_AUTOS = YES_AGGRESSIVE;
				GCC_WARN_UNUSED_FUNCTION = YES;
				GCC_WARN_UNUSED_VARIABLE = YES;
				IPHONEOS_DEPLOYMENT_TARGET = 13.0;
				MTL_ENABLE_DEBUG_INFO = INCLUDE_SOURCE;
				MTL_FAST_MATH = YES;
				ONLY_ACTIVE_ARCH = YES;
				SDKROOT = iphoneos;
				SWIFT_ACTIVE_COMPILATION_CONDITIONS = DEBUG;
				SWIFT_OPTIMIZATION_LEVEL = "-Onone";
			};
			name = Debug;
		};
		EF6C7AEE2395451000AA51BC /* Release */ = {
			isa = XCBuildConfiguration;
			buildSettings = {
				ALWAYS_SEARCH_USER_PATHS = NO;
				CLANG_ANALYZER_NONNULL = YES;
				CLANG_ANALYZER_NUMBER_OBJECT_CONVERSION = YES_AGGRESSIVE;
				CLANG_CXX_LANGUAGE_STANDARD = "gnu++14";
				CLANG_CXX_LIBRARY = "libc++";
				CLANG_ENABLE_MODULES = YES;
				CLANG_ENABLE_OBJC_ARC = YES;
				CLANG_ENABLE_OBJC_WEAK = YES;
				CLANG_WARN_BLOCK_CAPTURE_AUTORELEASING = YES;
				CLANG_WARN_BOOL_CONVERSION = YES;
				CLANG_WARN_COMMA = YES;
				CLANG_WARN_CONSTANT_CONVERSION = YES;
				CLANG_WARN_DEPRECATED_OBJC_IMPLEMENTATIONS = YES;
				CLANG_WARN_DIRECT_OBJC_ISA_USAGE = YES_ERROR;
				CLANG_WARN_DOCUMENTATION_COMMENTS = YES;
				CLANG_WARN_EMPTY_BODY = YES;
				CLANG_WARN_ENUM_CONVERSION = YES;
				CLANG_WARN_INFINITE_RECURSION = YES;
				CLANG_WARN_INT_CONVERSION = YES;
				CLANG_WARN_NON_LITERAL_NULL_CONVERSION = YES;
				CLANG_WARN_OBJC_IMPLICIT_RETAIN_SELF = YES;
				CLANG_WARN_OBJC_LITERAL_CONVERSION = YES;
				CLANG_WARN_OBJC_ROOT_CLASS = YES_ERROR;
				CLANG_WARN_RANGE_LOOP_ANALYSIS = YES;
				CLANG_WARN_STRICT_PROTOTYPES = YES;
				CLANG_WARN_SUSPICIOUS_MOVE = YES;
				CLANG_WARN_UNGUARDED_AVAILABILITY = YES_AGGRESSIVE;
				CLANG_WARN_UNREACHABLE_CODE = YES;
				CLANG_WARN__DUPLICATE_METHOD_MATCH = YES;
				COPY_PHASE_STRIP = NO;
				DEBUG_INFORMATION_FORMAT = "dwarf-with-dsym";
				ENABLE_NS_ASSERTIONS = NO;
				ENABLE_STRICT_OBJC_MSGSEND = YES;
				GCC_C_LANGUAGE_STANDARD = gnu11;
				GCC_NO_COMMON_BLOCKS = YES;
				GCC_WARN_64_TO_32_BIT_CONVERSION = YES;
				GCC_WARN_ABOUT_RETURN_TYPE = YES_ERROR;
				GCC_WARN_UNDECLARED_SELECTOR = YES;
				GCC_WARN_UNINITIALIZED_AUTOS = YES_AGGRESSIVE;
				GCC_WARN_UNUSED_FUNCTION = YES;
				GCC_WARN_UNUSED_VARIABLE = YES;
				IPHONEOS_DEPLOYMENT_TARGET = 13.0;
				MTL_ENABLE_DEBUG_INFO = NO;
				MTL_FAST_MATH = YES;
				SDKROOT = iphoneos;
				SWIFT_COMPILATION_MODE = wholemodule;
				SWIFT_OPTIMIZATION_LEVEL = "-O";
				VALIDATE_PRODUCT = YES;
			};
			name = Release;
		};
		EF6C7AF02395451000AA51BC /* Debug */ = {
			isa = XCBuildConfiguration;
			baseConfigurationReference = 6C96965C529B59196D073CA5 /* Pods-KropHackathon.debug.xcconfig */;
			buildSettings = {
				ASSETCATALOG_COMPILER_APPICON_NAME = AppIcon;
				CODE_SIGN_STYLE = Automatic;
				DEVELOPMENT_TEAM = GJX986XEH7;
				INFOPLIST_FILE = KropHackathon/Info.plist;
				IPHONEOS_DEPLOYMENT_TARGET = 11.0;
				LD_RUNPATH_SEARCH_PATHS = (
					"$(inherited)",
					"@executable_path/Frameworks",
				);
				PRODUCT_BUNDLE_IDENTIFIER = onix.KropHackathon;
				PRODUCT_NAME = KropDiagnost;
				SWIFT_VERSION = 5.0;
				TARGETED_DEVICE_FAMILY = 1;
			};
			name = Debug;
		};
		EF6C7AF12395451000AA51BC /* Release */ = {
			isa = XCBuildConfiguration;
			baseConfigurationReference = 72C9A0A53B930FB5B67DD84F /* Pods-KropHackathon.release.xcconfig */;
			buildSettings = {
				ASSETCATALOG_COMPILER_APPICON_NAME = AppIcon;
				CODE_SIGN_STYLE = Automatic;
				DEVELOPMENT_TEAM = GJX986XEH7;
				INFOPLIST_FILE = KropHackathon/Info.plist;
				IPHONEOS_DEPLOYMENT_TARGET = 11.0;
				LD_RUNPATH_SEARCH_PATHS = (
					"$(inherited)",
					"@executable_path/Frameworks",
				);
				PRODUCT_BUNDLE_IDENTIFIER = onix.KropHackathon;
				PRODUCT_NAME = KropDiagnost;
				SWIFT_VERSION = 5.0;
				TARGETED_DEVICE_FAMILY = 1;
			};
			name = Release;
		};
/* End XCBuildConfiguration section */

/* Begin XCConfigurationList section */
		EF6C7AD62395450F00AA51BC /* Build configuration list for PBXProject "KropHackathon" */ = {
			isa = XCConfigurationList;
			buildConfigurations = (
				EF6C7AED2395451000AA51BC /* Debug */,
				EF6C7AEE2395451000AA51BC /* Release */,
			);
			defaultConfigurationIsVisible = 0;
			defaultConfigurationName = Release;
		};
		EF6C7AEF2395451000AA51BC /* Build configuration list for PBXNativeTarget "KropHackathon" */ = {
			isa = XCConfigurationList;
			buildConfigurations = (
				EF6C7AF02395451000AA51BC /* Debug */,
				EF6C7AF12395451000AA51BC /* Release */,
			);
			defaultConfigurationIsVisible = 0;
			defaultConfigurationName = Release;
		};
/* End XCConfigurationList section */
	};
	rootObject = EF6C7AD32395450F00AA51BC /* Project object */;
}
